
Microsoft Visual Studio Solution File, Format Version 12.00
# Visual Studio Version 17
VisualStudioVersion = 17.0.32014.148
MinimumVisualStudioVersion = 10.0.40219.1
Project("{FAE04EC0-301F-11D3-BF4B-00C04F79EFBC}") = "LIST_UKOL", "LIST_UKOL.csproj", "{3D1241D5-130E-417D-B36C-E56EE1AB2D6E}"
EndProject
Global
	GlobalSection(SolutionConfigurationPlatforms) = preSolution
		Debug|Any CPU = Debug|Any CPU
		Release|Any CPU = Release|Any CPU
	EndGlobalSection
	GlobalSection(ProjectConfigurationPlatforms) = postSolution
		{3D1241D5-130E-417D-B36C-E56EE1AB2D6E}.Debug|Any CPU.ActiveCfg = Debug|Any CPU
		{3D1241D5-130E-417D-B36C-E56EE1AB2D6E}.Debug|Any CPU.Build.0 = Debug|Any CPU
		{3D1241D5-130E-417D-B36C-E56EE1AB2D6E}.Release|Any CPU.ActiveCfg = Release|Any CPU
		{3D1241D5-130E-417D-B36C-E56EE1AB2D6E}.Release|Any CPU.Build.0 = Release|Any CPU
	EndGlobalSection
	GlobalSection(SolutionProperties) = preSolution
		HideSolutionNode = FALSE
	EndGlobalSection
	GlobalSection(ExtensibilityGlobals) = postSolution
		SolutionGuid = {58AD9475-7447-4BC7-8CCA-5C5319F1BA46}
	EndGlobalSection
EndGlobal
